// !$*UTF8*$!
{
	archiveVersion = 1;
	classes = {
	};
	objectVersion = 55;
	objects = {

/* Begin PBXBuildFile section */
		4F154D3D29111DD1001D7BCA /* AppDelegate.swift in Sources */ = {isa = PBXBuildFile; fileRef = 4F154D3C29111DD1001D7BCA /* AppDelegate.swift */; };
		4F154D3F29111DD1001D7BCA /* SceneDelegate.swift in Sources */ = {isa = PBXBuildFile; fileRef = 4F154D3E29111DD1001D7BCA /* SceneDelegate.swift */; };
		4F154D4129111DD1001D7BCA /* MealOverviewVC.swift in Sources */ = {isa = PBXBuildFile; fileRef = 4F154D4029111DD1001D7BCA /* MealOverviewVC.swift */; };
		4F154D4429111DD1001D7BCA /* Main.storyboard in Resources */ = {isa = PBXBuildFile; fileRef = 4F154D4229111DD1001D7BCA /* Main.storyboard */; };
		4F154D4629111DD6001D7BCA /* Assets.xcassets in Resources */ = {isa = PBXBuildFile; fileRef = 4F154D4529111DD6001D7BCA /* Assets.xcassets */; };
		4F154D4929111DD6001D7BCA /* LaunchScreen.storyboard in Resources */ = {isa = PBXBuildFile; fileRef = 4F154D4729111DD6001D7BCA /* LaunchScreen.storyboard */; };
		4F154D512911212B001D7BCA /* MealOverviewData.swift in Sources */ = {isa = PBXBuildFile; fileRef = 4F154D502911212B001D7BCA /* MealOverviewData.swift */; };
		4F154D5329112312001D7BCA /* GetDataByRequest.swift in Sources */ = {isa = PBXBuildFile; fileRef = 4F154D5229112312001D7BCA /* GetDataByRequest.swift */; };
		4F154D5529113602001D7BCA /* GetRandomMealVC.swift in Sources */ = {isa = PBXBuildFile; fileRef = 4F154D5429113602001D7BCA /* GetRandomMealVC.swift */; };
		4F526B4C291AB7E100D21547 /* SearchIngredientVC.swift in Sources */ = {isa = PBXBuildFile; fileRef = 4F526B4B291AB7E100D21547 /* SearchIngredientVC.swift */; };
		4F69CE2C29142BDB00C53C8C /* RecipeVC.swift in Sources */ = {isa = PBXBuildFile; fileRef = 4F69CE2B29142BDB00C53C8C /* RecipeVC.swift */; };
		4F69CE2E29142BE900C53C8C /* IngredientsVC.swift in Sources */ = {isa = PBXBuildFile; fileRef = 4F69CE2D29142BE900C53C8C /* IngredientsVC.swift */; };
		4F8F9A312913EDA500ED3825 /* ButtonsExtentions.swift in Sources */ = {isa = PBXBuildFile; fileRef = 4F8F9A302913EDA500ED3825 /* ButtonsExtentions.swift */; };
		4F8F9A33291406F900ED3825 /* AreasData.swift in Sources */ = {isa = PBXBuildFile; fileRef = 4F8F9A32291406F900ED3825 /* AreasData.swift */; };
		4F8F9A3529140C5000ED3825 /* AreasVC.swift in Sources */ = {isa = PBXBuildFile; fileRef = 4F8F9A3429140C5000ED3825 /* AreasVC.swift */; };
		4F8F9A3729140FCE00ED3825 /* AreaOverwievVC.swift in Sources */ = {isa = PBXBuildFile; fileRef = 4F8F9A3629140FCE00ED3825 /* AreaOverwievVC.swift */; };
		4FAEA199291BAFBB0076786A /* TestRequest.swift in Sources */ = {isa = PBXBuildFile; fileRef = 4FAEA198291BAFBB0076786A /* TestRequest.swift */; };
		4FAEA19B291BC0C70076786A /* DesignedTF.swift in Sources */ = {isa = PBXBuildFile; fileRef = 4FAEA19A291BC0C70076786A /* DesignedTF.swift */; };
		4FC3FA03291502160015D070 /* IngredientsTableVC.swift in Sources */ = {isa = PBXBuildFile; fileRef = 4FC3FA02291502160015D070 /* IngredientsTableVC.swift */; };
		4FC3FA05291504B50015D070 /* IngredientsListData.swift in Sources */ = {isa = PBXBuildFile; fileRef = 4FC3FA04291504B50015D070 /* IngredientsListData.swift */; };
		4FC3FA0C29150D950015D070 /* SearchVC.swift in Sources */ = {isa = PBXBuildFile; fileRef = 4FC3FA0B29150D950015D070 /* SearchVC.swift */; };
		4FC3FA0E29150F100015D070 /* SearchResultVC.swift in Sources */ = {isa = PBXBuildFile; fileRef = 4FC3FA0D29150F100015D070 /* SearchResultVC.swift */; };
		4FDE61202912916A006043E0 /* CategoryCollectionViewCell.swift in Sources */ = {isa = PBXBuildFile; fileRef = 4FDE611F2912916A006043E0 /* CategoryCollectionViewCell.swift */; };
		4FDE612429129295006043E0 /* CategoryVC.swift in Sources */ = {isa = PBXBuildFile; fileRef = 4FDE612329129295006043E0 /* CategoryVC.swift */; };
		4FDE61262912949B006043E0 /* CategoryData.swift in Sources */ = {isa = PBXBuildFile; fileRef = 4FDE61252912949B006043E0 /* CategoryData.swift */; };
		4FDE612C2912DDFB006043E0 /* CategoryTableData.swift in Sources */ = {isa = PBXBuildFile; fileRef = 4FDE612B2912DDFB006043E0 /* CategoryTableData.swift */; };
		4FDE612E2912E4B5006043E0 /* CategoryOverwieVC.swift in Sources */ = {isa = PBXBuildFile; fileRef = 4FDE612D2912E4B5006043E0 /* CategoryOverwieVC.swift */; };
		4FDE61302912E557006043E0 /* JSONRequest.swift in Sources */ = {isa = PBXBuildFile; fileRef = 4FDE612F2912E557006043E0 /* JSONRequest.swift */; };
/* End PBXBuildFile section */

/* Begin PBXFileReference section */
		4F154D3929111DD1001D7BCA /* RecipeApp.app */ = {isa = PBXFileReference; explicitFileType = wrapper.application; includeInIndex = 0; path = RecipeApp.app; sourceTree = BUILT_PRODUCTS_DIR; };
		4F154D3C29111DD1001D7BCA /* AppDelegate.swift */ = {isa = PBXFileReference; lastKnownFileType = sourcecode.swift; path = AppDelegate.swift; sourceTree = "<group>"; };
		4F154D3E29111DD1001D7BCA /* SceneDelegate.swift */ = {isa = PBXFileReference; lastKnownFileType = sourcecode.swift; path = SceneDelegate.swift; sourceTree = "<group>"; };
		4F154D4029111DD1001D7BCA /* MealOverviewVC.swift */ = {isa = PBXFileReference; lastKnownFileType = sourcecode.swift; path = MealOverviewVC.swift; sourceTree = "<group>"; };
		4F154D4329111DD1001D7BCA /* Base */ = {isa = PBXFileReference; lastKnownFileType = file.storyboard; name = Base; path = Base.lproj/Main.storyboard; sourceTree = "<group>"; };
		4F154D4529111DD6001D7BCA /* Assets.xcassets */ = {isa = PBXFileReference; lastKnownFileType = folder.assetcatalog; path = Assets.xcassets; sourceTree = "<group>"; };
		4F154D4829111DD6001D7BCA /* Base */ = {isa = PBXFileReference; lastKnownFileType = file.storyboard; name = Base; path = Base.lproj/LaunchScreen.storyboard; sourceTree = "<group>"; };
		4F154D4A29111DD6001D7BCA /* Info.plist */ = {isa = PBXFileReference; lastKnownFileType = text.plist.xml; path = Info.plist; sourceTree = "<group>"; };
		4F154D502911212B001D7BCA /* MealOverviewData.swift */ = {isa = PBXFileReference; lastKnownFileType = sourcecode.swift; path = MealOverviewData.swift; sourceTree = "<group>"; };
		4F154D5229112312001D7BCA /* GetDataByRequest.swift */ = {isa = PBXFileReference; lastKnownFileType = sourcecode.swift; path = GetDataByRequest.swift; sourceTree = "<group>"; };
		4F154D5429113602001D7BCA /* GetRandomMealVC.swift */ = {isa = PBXFileReference; lastKnownFileType = sourcecode.swift; path = GetRandomMealVC.swift; sourceTree = "<group>"; };
		4F526B4B291AB7E100D21547 /* SearchIngredientVC.swift */ = {isa = PBXFileReference; lastKnownFileType = sourcecode.swift; path = SearchIngredientVC.swift; sourceTree = "<group>"; };
		4F69CE2B29142BDB00C53C8C /* RecipeVC.swift */ = {isa = PBXFileReference; lastKnownFileType = sourcecode.swift; path = RecipeVC.swift; sourceTree = "<group>"; };
		4F69CE2D29142BE900C53C8C /* IngredientsVC.swift */ = {isa = PBXFileReference; lastKnownFileType = sourcecode.swift; path = IngredientsVC.swift; sourceTree = "<group>"; };
		4F8F9A302913EDA500ED3825 /* ButtonsExtentions.swift */ = {isa = PBXFileReference; lastKnownFileType = sourcecode.swift; path = ButtonsExtentions.swift; sourceTree = "<group>"; };
		4F8F9A32291406F900ED3825 /* AreasData.swift */ = {isa = PBXFileReference; lastKnownFileType = sourcecode.swift; path = AreasData.swift; sourceTree = "<group>"; };
		4F8F9A3429140C5000ED3825 /* AreasVC.swift */ = {isa = PBXFileReference; lastKnownFileType = sourcecode.swift; path = AreasVC.swift; sourceTree = "<group>"; };
		4F8F9A3629140FCE00ED3825 /* AreaOverwievVC.swift */ = {isa = PBXFileReference; lastKnownFileType = sourcecode.swift; path = AreaOverwievVC.swift; sourceTree = "<group>"; };
		4FAEA198291BAFBB0076786A /* TestRequest.swift */ = {isa = PBXFileReference; lastKnownFileType = sourcecode.swift; path = TestRequest.swift; sourceTree = "<group>"; };
		4FAEA19A291BC0C70076786A /* DesignedTF.swift */ = {isa = PBXFileReference; lastKnownFileType = sourcecode.swift; path = DesignedTF.swift; sourceTree = "<group>"; };
		4FC3FA02291502160015D070 /* IngredientsTableVC.swift */ = {isa = PBXFileReference; lastKnownFileType = sourcecode.swift; path = IngredientsTableVC.swift; sourceTree = "<group>"; };
		4FC3FA04291504B50015D070 /* IngredientsListData.swift */ = {isa = PBXFileReference; lastKnownFileType = sourcecode.swift; path = IngredientsListData.swift; sourceTree = "<group>"; };
		4FC3FA0B29150D950015D070 /* SearchVC.swift */ = {isa = PBXFileReference; lastKnownFileType = sourcecode.swift; path = SearchVC.swift; sourceTree = "<group>"; };
		4FC3FA0D29150F100015D070 /* SearchResultVC.swift */ = {isa = PBXFileReference; lastKnownFileType = sourcecode.swift; path = SearchResultVC.swift; sourceTree = "<group>"; };
		4FDE611F2912916A006043E0 /* CategoryCollectionViewCell.swift */ = {isa = PBXFileReference; lastKnownFileType = sourcecode.swift; path = CategoryCollectionViewCell.swift; sourceTree = "<group>"; };
		4FDE612329129295006043E0 /* CategoryVC.swift */ = {isa = PBXFileReference; lastKnownFileType = sourcecode.swift; path = CategoryVC.swift; sourceTree = "<group>"; };
		4FDE61252912949B006043E0 /* CategoryData.swift */ = {isa = PBXFileReference; lastKnownFileType = sourcecode.swift; path = CategoryData.swift; sourceTree = "<group>"; };
		4FDE612B2912DDFB006043E0 /* CategoryTableData.swift */ = {isa = PBXFileReference; lastKnownFileType = sourcecode.swift; path = CategoryTableData.swift; sourceTree = "<group>"; };
		4FDE612D2912E4B5006043E0 /* CategoryOverwieVC.swift */ = {isa = PBXFileReference; lastKnownFileType = sourcecode.swift; path = CategoryOverwieVC.swift; sourceTree = "<group>"; };
		4FDE612F2912E557006043E0 /* JSONRequest.swift */ = {isa = PBXFileReference; lastKnownFileType = sourcecode.swift; path = JSONRequest.swift; sourceTree = "<group>"; };
/* End PBXFileReference section */

/* Begin PBXFrameworksBuildPhase section */
		4F154D3629111DD1001D7BCA /* Frameworks */ = {
			isa = PBXFrameworksBuildPhase;
			buildActionMask = 2147483647;
			files = (
			);
			runOnlyForDeploymentPostprocessing = 0;
		};
/* End PBXFrameworksBuildPhase section */

/* Begin PBXGroup section */
		4F154D3029111DD1001D7BCA = {
			isa = PBXGroup;
			children = (
				4F154D3B29111DD1001D7BCA /* RecipeApp */,
				4F154D3A29111DD1001D7BCA /* Products */,
			);
			sourceTree = "<group>";
		};
		4F154D3A29111DD1001D7BCA /* Products */ = {
			isa = PBXGroup;
			children = (
				4F154D3929111DD1001D7BCA /* RecipeApp.app */,
			);
			name = Products;
			sourceTree = "<group>";
		};
		4F154D3B29111DD1001D7BCA /* RecipeApp */ = {
			isa = PBXGroup;
			children = (
				4F154D4229111DD1001D7BCA /* Main.storyboard */,
				4FDE61282912B8C4006043E0 /* GeneralFiles */,
				4F8F9A2F2913E64100ED3825 /* InputDataStructures */,
				4FDE613129131F52006043E0 /* Requests */,
				4FDE61272912B7FA006043E0 /* ViewControllers */,
				4F154D4529111DD6001D7BCA /* Assets.xcassets */,
				4F154D4A29111DD6001D7BCA /* Info.plist */,
			);
			path = RecipeApp;
			sourceTree = "<group>";
		};
		4F8F9A2F2913E64100ED3825 /* InputDataStructures */ = {
			isa = PBXGroup;
			children = (
				4F154D502911212B001D7BCA /* MealOverviewData.swift */,
				4FDE612B2912DDFB006043E0 /* CategoryTableData.swift */,
				4FC3FA04291504B50015D070 /* IngredientsListData.swift */,
				4FDE61252912949B006043E0 /* CategoryData.swift */,
				4F8F9A32291406F900ED3825 /* AreasData.swift */,
			);
			path = InputDataStructures;
			sourceTree = "<group>";
		};
		4FC3FA0629150B200015D070 /* Ingredients */ = {
			isa = PBXGroup;
			children = (
				4FC3FA02291502160015D070 /* IngredientsTableVC.swift */,
			);
			path = Ingredients;
			sourceTree = "<group>";
		};
		4FC3FA0729150B330015D070 /* Areas */ = {
			isa = PBXGroup;
			children = (
				4F8F9A3429140C5000ED3825 /* AreasVC.swift */,
				4F8F9A3629140FCE00ED3825 /* AreaOverwievVC.swift */,
			);
			path = Areas;
			sourceTree = "<group>";
		};
		4FC3FA0829150B5C0015D070 /* Categories */ = {
			isa = PBXGroup;
			children = (
				4FDE612329129295006043E0 /* CategoryVC.swift */,
				4FDE612D2912E4B5006043E0 /* CategoryOverwieVC.swift */,
				4FDE611F2912916A006043E0 /* CategoryCollectionViewCell.swift */,
			);
			path = Categories;
			sourceTree = "<group>";
		};
		4FC3FA0929150B810015D070 /* RandomMeal */ = {
			isa = PBXGroup;
			children = (
				4F154D5429113602001D7BCA /* GetRandomMealVC.swift */,
				4F154D4029111DD1001D7BCA /* MealOverviewVC.swift */,
				4F69CE2B29142BDB00C53C8C /* RecipeVC.swift */,
				4F69CE2D29142BE900C53C8C /* IngredientsVC.swift */,
			);
			path = RandomMeal;
			sourceTree = "<group>";
		};
		4FC3FA0A29150C8B0015D070 /* Search */ = {
			isa = PBXGroup;
			children = (
				4FC3FA0B29150D950015D070 /* SearchVC.swift */,
				4FC3FA0D29150F100015D070 /* SearchResultVC.swift */,
				4F526B4B291AB7E100D21547 /* SearchIngredientVC.swift */,
			);
			path = Search;
			sourceTree = "<group>";
		};
		4FDE61272912B7FA006043E0 /* ViewControllers */ = {
			isa = PBXGroup;
			children = (
				4FC3FA0829150B5C0015D070 /* Categories */,
				4FC3FA0629150B200015D070 /* Ingredients */,
				4FC3FA0A29150C8B0015D070 /* Search */,
				4FC3FA0729150B330015D070 /* Areas */,
				4FC3FA0929150B810015D070 /* RandomMeal */,
			);
			path = ViewControllers;
			sourceTree = "<group>";
		};
		4FDE61282912B8C4006043E0 /* GeneralFiles */ = {
			isa = PBXGroup;
			children = (
				4F8F9A302913EDA500ED3825 /* ButtonsExtentions.swift */,
				4F154D3C29111DD1001D7BCA /* AppDelegate.swift */,
				4F154D3E29111DD1001D7BCA /* SceneDelegate.swift */,
				4F154D4729111DD6001D7BCA /* LaunchScreen.storyboard */,
				4FAEA19A291BC0C70076786A /* DesignedTF.swift */,
			);
			path = GeneralFiles;
			sourceTree = "<group>";
		};
		4FDE613129131F52006043E0 /* Requests */ = {
			isa = PBXGroup;
			children = (
				4F154D5229112312001D7BCA /* GetDataByRequest.swift */,
				4FDE612F2912E557006043E0 /* JSONRequest.swift */,
				4FAEA198291BAFBB0076786A /* TestRequest.swift */,
			);
			path = Requests;
			sourceTree = "<group>";
		};
/* End PBXGroup section */

/* Begin PBXNativeTarget section */
		4F154D3829111DD1001D7BCA /* RecipeApp */ = {
			isa = PBXNativeTarget;
			buildConfigurationList = 4F154D4D29111DD6001D7BCA /* Build configuration list for PBXNativeTarget "RecipeApp" */;
			buildPhases = (
				4F154D3529111DD1001D7BCA /* Sources */,
				4F154D3629111DD1001D7BCA /* Frameworks */,
				4F154D3729111DD1001D7BCA /* Resources */,
			);
			buildRules = (
			);
			dependencies = (
			);
			name = RecipeApp;
			productName = RecipeApp;
			productReference = 4F154D3929111DD1001D7BCA /* RecipeApp.app */;
			productType = "com.apple.product-type.application";
		};
/* End PBXNativeTarget section */

/* Begin PBXProject section */
		4F154D3129111DD1001D7BCA /* Project object */ = {
			isa = PBXProject;
			attributes = {
				BuildIndependentTargetsInParallel = 1;
				LastSwiftUpdateCheck = 1300;
				LastUpgradeCheck = 1300;
				TargetAttributes = {
					4F154D3829111DD1001D7BCA = {
						CreatedOnToolsVersion = 13.0;
					};
				};
			};
			buildConfigurationList = 4F154D3429111DD1001D7BCA /* Build configuration list for PBXProject "RecipeApp" */;
			compatibilityVersion = "Xcode 13.0";
			developmentRegion = en;
			hasScannedForEncodings = 0;
			knownRegions = (
				en,
				Base,
			);
			mainGroup = 4F154D3029111DD1001D7BCA;
			productRefGroup = 4F154D3A29111DD1001D7BCA /* Products */;
			projectDirPath = "";
			projectRoot = "";
			targets = (
				4F154D3829111DD1001D7BCA /* RecipeApp */,
			);
		};
/* End PBXProject section */

/* Begin PBXResourcesBuildPhase section */
		4F154D3729111DD1001D7BCA /* Resources */ = {
			isa = PBXResourcesBuildPhase;
			buildActionMask = 2147483647;
			files = (
				4F154D4929111DD6001D7BCA /* LaunchScreen.storyboard in Resources */,
				4F154D4629111DD6001D7BCA /* Assets.xcassets in Resources */,
				4F154D4429111DD1001D7BCA /* Main.storyboard in Resources */,
			);
			runOnlyForDeploymentPostprocessing = 0;
		};
/* End PBXResourcesBuildPhase section */

/* Begin PBXSourcesBuildPhase section */
		4F154D3529111DD1001D7BCA /* Sources */ = {
			isa = PBXSourcesBuildPhase;
			buildActionMask = 2147483647;
			files = (
				4FC3FA05291504B50015D070 /* IngredientsListData.swift in Sources */,
				4F69CE2C29142BDB00C53C8C /* RecipeVC.swift in Sources */,
				4F154D4129111DD1001D7BCA /* MealOverviewVC.swift in Sources */,
				4FDE61302912E557006043E0 /* JSONRequest.swift in Sources */,
				4F154D5529113602001D7BCA /* GetRandomMealVC.swift in Sources */,
				4FC3FA0E29150F100015D070 /* SearchResultVC.swift in Sources */,
				4F8F9A3729140FCE00ED3825 /* AreaOverwievVC.swift in Sources */,
				4FC3FA0C29150D950015D070 /* SearchVC.swift in Sources */,
				4FDE612429129295006043E0 /* CategoryVC.swift in Sources */,
				4F8F9A312913EDA500ED3825 /* ButtonsExtentions.swift in Sources */,
				4F154D3D29111DD1001D7BCA /* AppDelegate.swift in Sources */,
				4FC3FA03291502160015D070 /* IngredientsTableVC.swift in Sources */,
				4F8F9A33291406F900ED3825 /* AreasData.swift in Sources */,
				4F69CE2E29142BE900C53C8C /* IngredientsVC.swift in Sources */,
				4FDE612C2912DDFB006043E0 /* CategoryTableData.swift in Sources */,
				4FAEA19B291BC0C70076786A /* DesignedTF.swift in Sources */,
				4F526B4C291AB7E100D21547 /* SearchIngredientVC.swift in Sources */,
				4F154D3F29111DD1001D7BCA /* SceneDelegate.swift in Sources */,
				4FDE612E2912E4B5006043E0 /* CategoryOverwieVC.swift in Sources */,
				4FDE61262912949B006043E0 /* CategoryData.swift in Sources */,
				4F154D5329112312001D7BCA /* GetDataByRequest.swift in Sources */,
				4F8F9A3529140C5000ED3825 /* AreasVC.swift in Sources */,
				4FAEA199291BAFBB0076786A /* TestRequest.swift in Sources */,
				4FDE61202912916A006043E0 /* CategoryCollectionViewCell.swift in Sources */,
				4F154D512911212B001D7BCA /* MealOverviewData.swift in Sources */,
			);
			runOnlyForDeploymentPostprocessing = 0;
		};
/* End PBXSourcesBuildPhase section */

/* Begin PBXVariantGroup section */
		4F154D4229111DD1001D7BCA /* Main.storyboard */ = {
			isa = PBXVariantGroup;
			children = (
				4F154D4329111DD1001D7BCA /* Base */,
			);
			name = Main.storyboard;
			sourceTree = "<group>";
		};
		4F154D4729111DD6001D7BCA /* LaunchScreen.storyboard */ = {
			isa = PBXVariantGroup;
			children = (
				4F154D4829111DD6001D7BCA /* Base */,
			);
			name = LaunchScreen.storyboard;
			sourceTree = "<group>";
		};
/* End PBXVariantGroup section */

/* Begin XCBuildConfiguration section */
		4F154D4B29111DD6001D7BCA /* Debug */ = {
			isa = XCBuildConfiguration;
			buildSettings = {
				ALWAYS_SEARCH_USER_PATHS = NO;
				CLANG_ANALYZER_NONNULL = YES;
				CLANG_ANALYZER_NUMBER_OBJECT_CONVERSION = YES_AGGRESSIVE;
				CLANG_CXX_LANGUAGE_STANDARD = "gnu++17";
				CLANG_CXX_LIBRARY = "libc++";
				CLANG_ENABLE_MODULES = YES;
				CLANG_ENABLE_OBJC_ARC = YES;
				CLANG_ENABLE_OBJC_WEAK = YES;
				CLANG_WARN_BLOCK_CAPTURE_AUTORELEASING = YES;
				CLANG_WARN_BOOL_CONVERSION = YES;
				CLANG_WARN_COMMA = YES;
				CLANG_WARN_CONSTANT_CONVERSION = YES;
				CLANG_WARN_DEPRECATED_OBJC_IMPLEMENTATIONS = YES;
				CLANG_WARN_DIRECT_OBJC_ISA_USAGE = YES_ERROR;
				CLANG_WARN_DOCUMENTATION_COMMENTS = YES;
				CLANG_WARN_EMPTY_BODY = YES;
				CLANG_WARN_ENUM_CONVERSION = YES;
				CLANG_WARN_INFINITE_RECURSION = YES;
				CLANG_WARN_INT_CONVERSION = YES;
				CLANG_WARN_NON_LITERAL_NULL_CONVERSION = YES;
				CLANG_WARN_OBJC_IMPLICIT_RETAIN_SELF = YES;
				CLANG_WARN_OBJC_LITERAL_CONVERSION = YES;
				CLANG_WARN_OBJC_ROOT_CLASS = YES_ERROR;
				CLANG_WARN_QUOTED_INCLUDE_IN_FRAMEWORK_HEADER = YES;
				CLANG_WARN_RANGE_LOOP_ANALYSIS = YES;
				CLANG_WARN_STRICT_PROTOTYPES = YES;
				CLANG_WARN_SUSPICIOUS_MOVE = YES;
				CLANG_WARN_UNGUARDED_AVAILABILITY = YES_AGGRESSIVE;
				CLANG_WARN_UNREACHABLE_CODE = YES;
				CLANG_WARN__DUPLICATE_METHOD_MATCH = YES;
				COPY_PHASE_STRIP = NO;
				DEBUG_INFORMATION_FORMAT = dwarf;
				ENABLE_STRICT_OBJC_MSGSEND = YES;
				ENABLE_TESTABILITY = YES;
				GCC_C_LANGUAGE_STANDARD = gnu11;
				GCC_DYNAMIC_NO_PIC = NO;
				GCC_NO_COMMON_BLOCKS = YES;
				GCC_OPTIMIZATION_LEVEL = 0;
				GCC_PREPROCESSOR_DEFINITIONS = (
					"DEBUG=1",
					"$(inherited)",
				);
				GCC_WARN_64_TO_32_BIT_CONVERSION = YES;
				GCC_WARN_ABOUT_RETURN_TYPE = YES_ERROR;
				GCC_WARN_UNDECLARED_SELECTOR = YES;
				GCC_WARN_UNINITIALIZED_AUTOS = YES_AGGRESSIVE;
				GCC_WARN_UNUSED_FUNCTION = YES;
				GCC_WARN_UNUSED_VARIABLE = YES;
				IPHONEOS_DEPLOYMENT_TARGET = 15.0;
				MTL_ENABLE_DEBUG_INFO = INCLUDE_SOURCE;
				MTL_FAST_MATH = YES;
				ONLY_ACTIVE_ARCH = YES;
				SDKROOT = iphoneos;
				SWIFT_ACTIVE_COMPILATION_CONDITIONS = DEBUG;
				SWIFT_OPTIMIZATION_LEVEL = "-Onone";
			};
			name = Debug;
		};
		4F154D4C29111DD6001D7BCA /* Release */ = {
			isa = XCBuildConfiguration;
			buildSettings = {
				ALWAYS_SEARCH_USER_PATHS = NO;
				CLANG_ANALYZER_NONNULL = YES;
				CLANG_ANALYZER_NUMBER_OBJECT_CONVERSION = YES_AGGRESSIVE;
				CLANG_CXX_LANGUAGE_STANDARD = "gnu++17";
				CLANG_CXX_LIBRARY = "libc++";
				CLANG_ENABLE_MODULES = YES;
				CLANG_ENABLE_OBJC_ARC = YES;
				CLANG_ENABLE_OBJC_WEAK = YES;
				CLANG_WARN_BLOCK_CAPTURE_AUTORELEASING = YES;
				CLANG_WARN_BOOL_CONVERSION = YES;
				CLANG_WARN_COMMA = YES;
				CLANG_WARN_CONSTANT_CONVERSION = YES;
				CLANG_WARN_DEPRECATED_OBJC_IMPLEMENTATIONS = YES;
				CLANG_WARN_DIRECT_OBJC_ISA_USAGE = YES_ERROR;
				CLANG_WARN_DOCUMENTATION_COMMENTS = YES;
				CLANG_WARN_EMPTY_BODY = YES;
				CLANG_WARN_ENUM_CONVERSION = YES;
				CLANG_WARN_INFINITE_RECURSION = YES;
				CLANG_WARN_INT_CONVERSION = YES;
				CLANG_WARN_NON_LITERAL_NULL_CONVERSION = YES;
				CLANG_WARN_OBJC_IMPLICIT_RETAIN_SELF = YES;
				CLANG_WARN_OBJC_LITERAL_CONVERSION = YES;
				CLANG_WARN_OBJC_ROOT_CLASS = YES_ERROR;
				CLANG_WARN_QUOTED_INCLUDE_IN_FRAMEWORK_HEADER = YES;
				CLANG_WARN_RANGE_LOOP_ANALYSIS = YES;
				CLANG_WARN_STRICT_PROTOTYPES = YES;
				CLANG_WARN_SUSPICIOUS_MOVE = YES;
				CLANG_WARN_UNGUARDED_AVAILABILITY = YES_AGGRESSIVE;
				CLANG_WARN_UNREACHABLE_CODE = YES;
				CLANG_WARN__DUPLICATE_METHOD_MATCH = YES;
				COPY_PHASE_STRIP = NO;
				DEBUG_INFORMATION_FORMAT = "dwarf-with-dsym";
				ENABLE_NS_ASSERTIONS = NO;
				ENABLE_STRICT_OBJC_MSGSEND = YES;
				GCC_C_LANGUAGE_STANDARD = gnu11;
				GCC_NO_COMMON_BLOCKS = YES;
				GCC_WARN_64_TO_32_BIT_CONVERSION = YES;
				GCC_WARN_ABOUT_RETURN_TYPE = YES_ERROR;
				GCC_WARN_UNDECLARED_SELECTOR = YES;
				GCC_WARN_UNINITIALIZED_AUTOS = YES_AGGRESSIVE;
				GCC_WARN_UNUSED_FUNCTION = YES;
				GCC_WARN_UNUSED_VARIABLE = YES;
				IPHONEOS_DEPLOYMENT_TARGET = 15.0;
				MTL_ENABLE_DEBUG_INFO = NO;
				MTL_FAST_MATH = YES;
				SDKROOT = iphoneos;
				SWIFT_COMPILATION_MODE = wholemodule;
				SWIFT_OPTIMIZATION_LEVEL = "-O";
				VALIDATE_PRODUCT = YES;
			};
			name = Release;
		};
		4F154D4E29111DD6001D7BCA /* Debug */ = {
			isa = XCBuildConfiguration;
			buildSettings = {
				ASSETCATALOG_COMPILER_APPICON_NAME = AppIcon;
				ASSETCATALOG_COMPILER_GLOBAL_ACCENT_COLOR_NAME = AccentColor;
				CODE_SIGN_STYLE = Automatic;
				CURRENT_PROJECT_VERSION = 1;
				GENERATE_INFOPLIST_FILE = YES;
				INFOPLIST_FILE = RecipeApp/Info.plist;
				INFOPLIST_KEY_UIApplicationSupportsIndirectInputEvents = YES;
				INFOPLIST_KEY_UILaunchStoryboardName = LaunchScreen;
				INFOPLIST_KEY_UIMainStoryboardFile = Main;
				INFOPLIST_KEY_UISupportedInterfaceOrientations_iPad = "UIInterfaceOrientationPortrait UIInterfaceOrientationPortraitUpsideDown UIInterfaceOrientationLandscapeLeft UIInterfaceOrientationLandscapeRight";
				INFOPLIST_KEY_UISupportedInterfaceOrientations_iPhone = "UIInterfaceOrientationPortrait UIInterfaceOrientationLandscapeLeft UIInterfaceOrientationLandscapeRight";
				LD_RUNPATH_SEARCH_PATHS = (
					"$(inherited)",
					"@executable_path/Frameworks",
				);
				MARKETING_VERSION = 1.0;
				PRODUCT_BUNDLE_IDENTIFIER = "Yurii-Shambora.RecipeApp";
				PRODUCT_NAME = "$(TARGET_NAME)";
				SWIFT_EMIT_LOC_STRINGS = YES;
				SWIFT_VERSION = 5.0;
				TARGETED_DEVICE_FAMILY = "1,2";
			};
			name = Debug;
		};
		4F154D4F29111DD6001D7BCA /* Release */ = {
			isa = XCBuildConfiguration;
			buildSettings = {
				ASSETCATALOG_COMPILER_APPICON_NAME = AppIcon;
				ASSETCATALOG_COMPILER_GLOBAL_ACCENT_COLOR_NAME = AccentColor;
				CODE_SIGN_STYLE = Automatic;
				CURRENT_PROJECT_VERSION = 1;
				GENERATE_INFOPLIST_FILE = YES;
				INFOPLIST_FILE = RecipeApp/Info.plist;
				INFOPLIST_KEY_UIApplicationSupportsIndirectInputEvents = YES;
				INFOPLIST_KEY_UILaunchStoryboardName = LaunchScreen;
				INFOPLIST_KEY_UIMainStoryboardFile = Main;
				INFOPLIST_KEY_UISupportedInterfaceOrientations_iPad = "UIInterfaceOrientationPortrait UIInterfaceOrientationPortraitUpsideDown UIInterfaceOrientationLandscapeLeft UIInterfaceOrientationLandscapeRight";
				INFOPLIST_KEY_UISupportedInterfaceOrientations_iPhone = "UIInterfaceOrientationPortrait UIInterfaceOrientationLandscapeLeft UIInterfaceOrientationLandscapeRight";
				LD_RUNPATH_SEARCH_PATHS = (
					"$(inherited)",
					"@executable_path/Frameworks",
				);
				MARKETING_VERSION = 1.0;
				PRODUCT_BUNDLE_IDENTIFIER = "Yurii-Shambora.RecipeApp";
				PRODUCT_NAME = "$(TARGET_NAME)";
				SWIFT_EMIT_LOC_STRINGS = YES;
				SWIFT_VERSION = 5.0;
				TARGETED_DEVICE_FAMILY = "1,2";
			};
			name = Release;
		};
/* End XCBuildConfiguration section */

/* Begin XCConfigurationList section */
		4F154D3429111DD1001D7BCA /* Build configuration list for PBXProject "RecipeApp" */ = {
			isa = XCConfigurationList;
			buildConfigurations = (
				4F154D4B29111DD6001D7BCA /* Debug */,
				4F154D4C29111DD6001D7BCA /* Release */,
			);
			defaultConfigurationIsVisible = 0;
			defaultConfigurationName = Release;
		};
		4F154D4D29111DD6001D7BCA /* Build configuration list for PBXNativeTarget "RecipeApp" */ = {
			isa = XCConfigurationList;
			buildConfigurations = (
				4F154D4E29111DD6001D7BCA /* Debug */,
				4F154D4F29111DD6001D7BCA /* Release */,
			);
			defaultConfigurationIsVisible = 0;
			defaultConfigurationName = Release;
		};
/* End XCConfigurationList section */
	};
	rootObject = 4F154D3129111DD1001D7BCA /* Project object */;
}
